#
# This file is autogenerated by pip-compile with Python 3.11
# by the following command:
#
#    pip-compile --cert=None --client-cert=None --extra=dev --index-url=None --output-file=requirements-dev.lock --pip-args=None setup.py
#
annotated-types==0.7.0
    # via pydantic
anyio==4.10.0
    # via httpx
authlib==1.6.3
    # via safety
bandit==1.8.6
    # via quantalertsystem (setup.py)
beautifulsoup4==4.13.5
    # via yfinance
black==25.1.0
    # via quantalertsystem (setup.py)
certifi==2025.8.3
    # via
    #   curl-cffi
    #   httpcore
    #   httpx
    #   requests
cffi==2.0.0
    # via
    #   cryptography
    #   curl-cffi
cfgv==3.4.0
    # via pre-commit
charset-normalizer==3.4.3
    # via requests
click==8.2.1
    # via
    #   black
    #   nltk
    #   safety
    #   typer
coverage[toml]==7.10.6
    # via pytest-cov
cryptography==45.0.7
    # via authlib
curl-cffi==0.13.0
    # via yfinance
distlib==0.4.0
    # via virtualenv
dparse==0.6.4
    # via
    #   safety
    #   safety-schemas
duckdb==1.3.2
    # via quantalertsystem (setup.py)
execnet==2.1.1
    # via pytest-xdist
filelock==3.19.1
    # via
    #   safety
    #   virtualenv
frozendict==2.4.6
    # via yfinance
h11==0.16.0
    # via httpcore
httpcore==1.0.9
    # via httpx
httpx==0.28.1
    # via
    #   python-telegram-bot
    #   safety
identify==2.6.14
    # via pre-commit
idna==3.10
    # via
    #   anyio
    #   httpx
    #   requests
iniconfig==2.1.0
    # via pytest
jinja2==3.1.6
    # via safety
joblib==1.5.2
    # via nltk
markdown-it-py==4.0.0
    # via rich
markupsafe==3.0.2
    # via jinja2
marshmallow==4.0.1
    # via safety
mdurl==0.1.2
    # via markdown-it-py
multitasking==0.0.12
    # via yfinance
mypy==1.18.1
    # via quantalertsystem (setup.py)
mypy-extensions==1.1.0
    # via
    #   black
    #   mypy
nltk==3.9.1
    # via safety
nodeenv==1.9.1
    # via pre-commit
numpy==2.3.3
    # via
    #   pandas
    #   quantalertsystem (setup.py)
    #   yfinance
packaging==25.0
    # via
    #   black
    #   dparse
    #   pytest
    #   safety
    #   safety-schemas
pandas==2.3.2
    # via
    #   quantalertsystem (setup.py)
    #   yfinance
pathspec==0.12.1
    # via
    #   black
    #   mypy
peewee==3.18.2
    # via yfinance
platformdirs==4.4.0
    # via
    #   black
    #   virtualenv
    #   yfinance
pluggy==1.6.0
    # via
    #   pytest
    #   pytest-cov
pre-commit==4.3.0
    # via quantalertsystem (setup.py)
protobuf==6.32.1
    # via yfinance
psutil==7.0.0
    # via
    #   quantalertsystem (setup.py)
    #   safety
pyarrow==21.0.0
    # via quantalertsystem (setup.py)
pycparser==2.23
    # via cffi
pydantic==2.9.2
    # via
    #   pydantic-settings
    #   quantalertsystem (setup.py)
    #   safety
    #   safety-schemas
pydantic-core==2.23.4
    # via pydantic
pydantic-settings==2.10.1
    # via quantalertsystem (setup.py)
pygments==2.19.2
    # via
    #   pytest
    #   rich
pytest==8.4.2
    # via
    #   pytest-cov
    #   pytest-mock
    #   pytest-xdist
    #   quantalertsystem (setup.py)
pytest-cov==7.0.0
    # via quantalertsystem (setup.py)
pytest-mock==3.15.0
    # via quantalertsystem (setup.py)
pytest-xdist==3.8.0
    # via quantalertsystem (setup.py)
python-dateutil==2.9.0.post0
    # via pandas
python-dotenv==1.1.1
    # via
    #   pydantic-settings
    #   quantalertsystem (setup.py)
python-telegram-bot==22.4
    # via quantalertsystem (setup.py)
pytz==2025.2
    # via
    #   pandas
    #   yfinance
pyyaml==6.0.2
    # via
    #   bandit
    #   pre-commit
regex==2025.9.1
    # via nltk
requests==2.32.5
    # via
    #   quantalertsystem (setup.py)
    #   safety
    #   yfinance
rich==14.1.0
    # via
    #   bandit
    #   typer
ruamel-yaml==0.18.15
    # via
    #   safety
    #   safety-schemas
ruamel-yaml-clib==0.2.12
    # via ruamel-yaml
ruff==0.13.0
    # via quantalertsystem (setup.py)
safety==3.6.1
    # via quantalertsystem (setup.py)
safety-schemas==0.0.14
    # via safety
schedule==1.2.2
    # via quantalertsystem (setup.py)
shellingham==1.5.4
    # via typer
six==1.17.0
    # via python-dateutil
sniffio==1.3.1
    # via anyio
soupsieve==2.8
    # via beautifulsoup4
stevedore==5.5.0
    # via bandit
tenacity==9.1.2
    # via safety
tomlkit==0.13.3
    # via safety
tqdm==4.67.1
    # via nltk
typer==0.17.4
    # via safety
typing-extensions==4.15.0
    # via
    #   anyio
    #   beautifulsoup4
    #   mypy
    #   pydantic
    #   pydantic-core
    #   safety
    #   safety-schemas
    #   typer
    #   typing-inspection
typing-inspection==0.4.1
    # via pydantic-settings
tzdata==2025.2
    # via pandas
urllib3==2.5.0
    # via requests
virtualenv==20.34.0
    # via pre-commit
websockets==15.0.1
    # via yfinance
yfinance==0.2.65
    # via quantalertsystem (setup.py)

# The following packages are considered to be unsafe in a requirements file:
# setuptools
